// !$*UTF8*$!
{
	archiveVersion = 1;
	classes = {
	};
	objectVersion = 46;
	objects = {

/* Begin PBXBuildFile section */
		1986FCE91B96E97C00F14181 /* main.m in Sources */ = {isa = PBXBuildFile; fileRef = 1986FCE81B96E97C00F14181 /* main.m */; };
		1986FCEC1B96E97C00F14181 /* AppDelegate.m in Sources */ = {isa = PBXBuildFile; fileRef = 1986FCEB1B96E97C00F14181 /* AppDelegate.m */; };
		1986FCEF1B96E97C00F14181 /* ViewController.m in Sources */ = {isa = PBXBuildFile; fileRef = 1986FCEE1B96E97C00F14181 /* ViewController.m */; };
		1986FCF21B96E97C00F14181 /* Main.storyboard in Resources */ = {isa = PBXBuildFile; fileRef = 1986FCF01B96E97C00F14181 /* Main.storyboard */; };
		1986FCF41B96E97C00F14181 /* Images.xcassets in Resources */ = {isa = PBXBuildFile; fileRef = 1986FCF31B96E97C00F14181 /* Images.xcassets */; };
		1986FCF71B96E97C00F14181 /* LaunchScreen.xib in Resources */ = {isa = PBXBuildFile; fileRef = 1986FCF51B96E97C00F14181 /* LaunchScreen.xib */; };
		1986FD031B96E97C00F14181 /* LGDelayedTaskManagerDemoTests.m in Sources */ = {isa = PBXBuildFile; fileRef = 1986FD021B96E97C00F14181 /* LGDelayedTaskManagerDemoTests.m */; };
		1986FD111B96EA6F00F14181 /* ILSPPDelayedTaskManager.m in Sources */ = {isa = PBXBuildFile; fileRef = 1986FD0E1B96EA6F00F14181 /* ILSPPDelayedTaskManager.m */; };
		1986FD121B96EA6F00F14181 /* NSPointerArray+AbstractionHelpers.m in Sources */ = {isa = PBXBuildFile; fileRef = 1986FD101B96EA6F00F14181 /* NSPointerArray+AbstractionHelpers.m */; };
/* End PBXBuildFile section */

/* Begin PBXContainerItemProxy section */
		1986FCFD1B96E97C00F14181 /* PBXContainerItemProxy */ = {
			isa = PBXContainerItemProxy;
			containerPortal = 1986FCDB1B96E97C00F14181 /* Project object */;
			proxyType = 1;
			remoteGlobalIDString = 1986FCE21B96E97C00F14181;
			remoteInfo = LGDelayedTaskManagerDemo;
		};
/* End PBXContainerItemProxy section */

/* Begin PBXFileReference section */
		1986FCE31B96E97C00F14181 /* LGDelayedTaskManagerDemo.app */ = {isa = PBXFileReference; explicitFileType = wrapper.application; includeInIndex = 0; path = LGDelayedTaskManagerDemo.app; sourceTree = BUILT_PRODUCTS_DIR; };
		1986FCE71B96E97C00F14181 /* Info.plist */ = {isa = PBXFileReference; lastKnownFileType = text.plist.xml; path = Info.plist; sourceTree = "<group>"; };
		1986FCE81B96E97C00F14181 /* main.m */ = {isa = PBXFileReference; lastKnownFileType = sourcecode.c.objc; path = main.m; sourceTree = "<group>"; };
		1986FCEA1B96E97C00F14181 /* AppDelegate.h */ = {isa = PBXFileReference; lastKnownFileType = sourcecode.c.h; path = AppDelegate.h; sourceTree = "<group>"; };
		1986FCEB1B96E97C00F14181 /* AppDelegate.m */ = {isa = PBXFileReference; lastKnownFileType = sourcecode.c.objc; path = AppDelegate.m; sourceTree = "<group>"; };
		1986FCED1B96E97C00F14181 /* ViewController.h */ = {isa = PBXFileReference; lastKnownFileType = sourcecode.c.h; path = ViewController.h; sourceTree = "<group>"; };
		1986FCEE1B96E97C00F14181 /* ViewController.m */ = {isa = PBXFileReference; lastKnownFileType = sourcecode.c.objc; path = ViewController.m; sourceTree = "<group>"; };
		1986FCF11B96E97C00F14181 /* Base */ = {isa = PBXFileReference; lastKnownFileType = file.storyboard; name = Base; path = Base.lproj/Main.storyboard; sourceTree = "<group>"; };
		1986FCF31B96E97C00F14181 /* Images.xcassets */ = {isa = PBXFileReference; lastKnownFileType = folder.assetcatalog; path = Images.xcassets; sourceTree = "<group>"; };
		1986FCF61B96E97C00F14181 /* Base */ = {isa = PBXFileReference; lastKnownFileType = file.xib; name = Base; path = Base.lproj/LaunchScreen.xib; sourceTree = "<group>"; };
		1986FCFC1B96E97C00F14181 /* LGDelayedTaskManagerDemoTests.xctest */ = {isa = PBXFileReference; explicitFileType = wrapper.cfbundle; includeInIndex = 0; path = LGDelayedTaskManagerDemoTests.xctest; sourceTree = BUILT_PRODUCTS_DIR; };
		1986FD011B96E97C00F14181 /* Info.plist */ = {isa = PBXFileReference; lastKnownFileType = text.plist.xml; path = Info.plist; sourceTree = "<group>"; };
		1986FD021B96E97C00F14181 /* LGDelayedTaskManagerDemoTests.m */ = {isa = PBXFileReference; lastKnownFileType = sourcecode.c.objc; path = LGDelayedTaskManagerDemoTests.m; sourceTree = "<group>"; };
		1986FD0D1B96EA6F00F14181 /* ILSPPDelayedTaskManager.h */ = {isa = PBXFileReference; fileEncoding = 4; lastKnownFileType = sourcecode.c.h; path = ILSPPDelayedTaskManager.h; sourceTree = "<group>"; };
		1986FD0E1B96EA6F00F14181 /* ILSPPDelayedTaskManager.m */ = {isa = PBXFileReference; fileEncoding = 4; lastKnownFileType = sourcecode.c.objc; path = ILSPPDelayedTaskManager.m; sourceTree = "<group>"; };
		1986FD0F1B96EA6F00F14181 /* NSPointerArray+AbstractionHelpers.h */ = {isa = PBXFileReference; fileEncoding = 4; lastKnownFileType = sourcecode.c.h; path = "NSPointerArray+AbstractionHelpers.h"; sourceTree = "<group>"; };
		1986FD101B96EA6F00F14181 /* NSPointerArray+AbstractionHelpers.m */ = {isa = PBXFileReference; fileEncoding = 4; lastKnownFileType = sourcecode.c.objc; path = "NSPointerArray+AbstractionHelpers.m"; sourceTree = "<group>"; };
/* End PBXFileReference section */

/* Begin PBXFrameworksBuildPhase section */
		1986FCE01B96E97C00F14181 /* Frameworks */ = {
			isa = PBXFrameworksBuildPhase;
			buildActionMask = 2147483647;
			files = (
			);
			runOnlyForDeploymentPostprocessing = 0;
		};
		1986FCF91B96E97C00F14181 /* Frameworks */ = {
			isa = PBXFrameworksBuildPhase;
			buildActionMask = 2147483647;
			files = (
			);
			runOnlyForDeploymentPostprocessing = 0;
		};
/* End PBXFrameworksBuildPhase section */

/* Begin PBXGroup section */
		1986FCDA1B96E97C00F14181 = {
			isa = PBXGroup;
			children = (
				1986FCE51B96E97C00F14181 /* LGDelayedTaskManagerDemo */,
				1986FCFF1B96E97C00F14181 /* LGDelayedTaskManagerDemoTests */,
				1986FCE41B96E97C00F14181 /* Products */,
			);
			sourceTree = "<group>";
		};
		1986FCE41B96E97C00F14181 /* Products */ = {
			isa = PBXGroup;
			children = (
				1986FCE31B96E97C00F14181 /* LGDelayedTaskManagerDemo.app */,
				1986FCFC1B96E97C00F14181 /* LGDelayedTaskManagerDemoTests.xctest */,
			);
			name = Products;
			sourceTree = "<group>";
		};
		1986FCE51B96E97C00F14181 /* LGDelayedTaskManagerDemo */ = {
			isa = PBXGroup;
			children = (
				1986FD0C1B96EA6F00F14181 /* LGDelayedTaskManager */,
				1986FCEA1B96E97C00F14181 /* AppDelegate.h */,
				1986FCEB1B96E97C00F14181 /* AppDelegate.m */,
				1986FCED1B96E97C00F14181 /* ViewController.h */,
				1986FCEE1B96E97C00F14181 /* ViewController.m */,
				1986FCF01B96E97C00F14181 /* Main.storyboard */,
				1986FCF31B96E97C00F14181 /* Images.xcassets */,
				1986FCF51B96E97C00F14181 /* LaunchScreen.xib */,
				1986FCE61B96E97C00F14181 /* Supporting Files */,
			);
			path = LGDelayedTaskManagerDemo;
			sourceTree = "<group>";
		};
		1986FCE61B96E97C00F14181 /* Supporting Files */ = {
			isa = PBXGroup;
			children = (
				1986FCE71B96E97C00F14181 /* Info.plist */,
				1986FCE81B96E97C00F14181 /* main.m */,
			);
			name = "Supporting Files";
			sourceTree = "<group>";
		};
		1986FCFF1B96E97C00F14181 /* LGDelayedTaskManagerDemoTests */ = {
			isa = PBXGroup;
			children = (
				1986FD021B96E97C00F14181 /* LGDelayedTaskManagerDemoTests.m */,
				1986FD001B96E97C00F14181 /* Supporting Files */,
			);
			path = LGDelayedTaskManagerDemoTests;
			sourceTree = "<group>";
		};
		1986FD001B96E97C00F14181 /* Supporting Files */ = {
			isa = PBXGroup;
			children = (
				1986FD011B96E97C00F14181 /* Info.plist */,
			);
			name = "Supporting Files";
			sourceTree = "<group>";
		};
		1986FD0C1B96EA6F00F14181 /* LGDelayedTaskManager */ = {
			isa = PBXGroup;
			children = (
				1986FD0D1B96EA6F00F14181 /* ILSPPDelayedTaskManager.h */,
				1986FD0E1B96EA6F00F14181 /* ILSPPDelayedTaskManager.m */,
				1986FD0F1B96EA6F00F14181 /* NSPointerArray+AbstractionHelpers.h */,
				1986FD101B96EA6F00F14181 /* NSPointerArray+AbstractionHelpers.m */,
			);
			name = LGDelayedTaskManager;
			path = ../../LGDelayedTaskManager;
			sourceTree = "<group>";
		};
/* End PBXGroup section */

/* Begin PBXNativeTarget section */
		1986FCE21B96E97C00F14181 /* LGDelayedTaskManagerDemo */ = {
			isa = PBXNativeTarget;
			buildConfigurationList = 1986FD061B96E97C00F14181 /* Build configuration list for PBXNativeTarget "LGDelayedTaskManagerDemo" */;
			buildPhases = (
				1986FCDF1B96E97C00F14181 /* Sources */,
				1986FCE01B96E97C00F14181 /* Frameworks */,
				1986FCE11B96E97C00F14181 /* Resources */,
			);
			buildRules = (
			);
			dependencies = (
			);
			name = LGDelayedTaskManagerDemo;
			productName = LGDelayedTaskManagerDemo;
			productReference = 1986FCE31B96E97C00F14181 /* LGDelayedTaskManagerDemo.app */;
			productType = "com.apple.product-type.application";
		};
		1986FCFB1B96E97C00F14181 /* LGDelayedTaskManagerDemoTests */ = {
			isa = PBXNativeTarget;
			buildConfigurationList = 1986FD091B96E97C00F14181 /* Build configuration list for PBXNativeTarget "LGDelayedTaskManagerDemoTests" */;
			buildPhases = (
				1986FCF81B96E97C00F14181 /* Sources */,
				1986FCF91B96E97C00F14181 /* Frameworks */,
				1986FCFA1B96E97C00F14181 /* Resources */,
			);
			buildRules = (
			);
			dependencies = (
				1986FCFE1B96E97C00F14181 /* PBXTargetDependency */,
			);
			name = LGDelayedTaskManagerDemoTests;
			productName = LGDelayedTaskManagerDemoTests;
			productReference = 1986FCFC1B96E97C00F14181 /* LGDelayedTaskManagerDemoTests.xctest */;
			productType = "com.apple.product-type.bundle.unit-test";
		};
/* End PBXNativeTarget section */

/* Begin PBXProject section */
		1986FCDB1B96E97C00F14181 /* Project object */ = {
			isa = PBXProject;
			attributes = {
				LastUpgradeCheck = 0640;
				ORGANIZATIONNAME = ZiXuWuYou;
				TargetAttributes = {
					1986FCE21B96E97C00F14181 = {
						CreatedOnToolsVersion = 6.4;
					};
					1986FCFB1B96E97C00F14181 = {
						CreatedOnToolsVersion = 6.4;
						TestTargetID = 1986FCE21B96E97C00F14181;
					};
				};
			};
			buildConfigurationList = 1986FCDE1B96E97C00F14181 /* Build configuration list for PBXProject "LGDelayedTaskManagerDemo" */;
			compatibilityVersion = "Xcode 3.2";
			developmentRegion = English;
			hasScannedForEncodings = 0;
			knownRegions = (
				en,
				Base,
			);
			mainGroup = 1986FCDA1B96E97C00F14181;
			productRefGroup = 1986FCE41B96E97C00F14181 /* Products */;
			projectDirPath = "";
			projectRoot = "";
			targets = (
				1986FCE21B96E97C00F14181 /* LGDelayedTaskManagerDemo */,
				1986FCFB1B96E97C00F14181 /* LGDelayedTaskManagerDemoTests */,
			);
		};
/* End PBXProject section */

/* Begin PBXResourcesBuildPhase section */
		1986FCE11B96E97C00F14181 /* Resources */ = {
			isa = PBXResourcesBuildPhase;
			buildActionMask = 2147483647;
			files = (
				1986FCF21B96E97C00F14181 /* Main.storyboard in Resources */,
				1986FCF71B96E97C00F14181 /* LaunchScreen.xib in Resources */,
				1986FCF41B96E97C00F14181 /* Images.xcassets in Resources */,
			);
			runOnlyForDeploymentPostprocessing = 0;
		};
		1986FCFA1B96E97C00F14181 /* Resources */ = {
			isa = PBXResourcesBuildPhase;
			buildActionMask = 2147483647;
			files = (
			);
			runOnlyForDeploymentPostprocessing = 0;
		};
/* End PBXResourcesBuildPhase section */

/* Begin PBXSourcesBuildPhase section */
		1986FCDF1B96E97C00F14181 /* Sources */ = {
			isa = PBXSourcesBuildPhase;
			buildActionMask = 2147483647;
			files = (
				1986FCEF1B96E97C00F14181 /* ViewController.m in Sources */,
				1986FCEC1B96E97C00F14181 /* AppDelegate.m in Sources */,
				1986FD111B96EA6F00F14181 /* ILSPPDelayedTaskManager.m in Sources */,
				1986FD121B96EA6F00F14181 /* NSPointerArray+AbstractionHelpers.m in Sources */,
				1986FCE91B96E97C00F14181 /* main.m in Sources */,
			);
			runOnlyForDeploymentPostprocessing = 0;
		};
		1986FCF81B96E97C00F14181 /* Sources */ = {
			isa = PBXSourcesBuildPhase;
			buildActionMask = 2147483647;
			files = (
				1986FD031B96E97C00F14181 /* LGDelayedTaskManagerDemoTests.m in Sources */,
			);
			runOnlyForDeploymentPostprocessing = 0;
		};
/* End PBXSourcesBuildPhase section */

/* Begin PBXTargetDependency section */
		1986FCFE1B96E97C00F14181 /* PBXTargetDependency */ = {
			isa = PBXTargetDependency;
			target = 1986FCE21B96E97C00F14181 /* LGDelayedTaskManagerDemo */;
			targetProxy = 1986FCFD1B96E97C00F14181 /* PBXContainerItemProxy */;
		};
/* End PBXTargetDependency section */

/* Begin PBXVariantGroup section */
		1986FCF01B96E97C00F14181 /* Main.storyboard */ = {
			isa = PBXVariantGroup;
			children = (
				1986FCF11B96E97C00F14181 /* Base */,
			);
			name = Main.storyboard;
			sourceTree = "<group>";
		};
		1986FCF51B96E97C00F14181 /* LaunchScreen.xib */ = {
			isa = PBXVariantGroup;
			children = (
				1986FCF61B96E97C00F14181 /* Base */,
			);
			name = LaunchScreen.xib;
			sourceTree = "<group>";
		};
/* End PBXVariantGroup section */

/* Begin XCBuildConfiguration section */
		1986FD041B96E97C00F14181 /* Debug */ = {
			isa = XCBuildConfiguration;
			buildSettings = {
				ALWAYS_SEARCH_USER_PATHS = NO;
				CLANG_CXX_LANGUAGE_STANDARD = "gnu++0x";
				CLANG_CXX_LIBRARY = "libc++";
				CLANG_ENABLE_MODULES = YES;
				CLANG_ENABLE_OBJC_ARC = YES;
				CLANG_WARN_BOOL_CONVERSION = YES;
				CLANG_WARN_CONSTANT_CONVERSION = YES;
				CLANG_WARN_DIRECT_OBJC_ISA_USAGE = YES_ERROR;
				CLANG_WARN_EMPTY_BODY = YES;
				CLANG_WARN_ENUM_CONVERSION = YES;
				CLANG_WARN_INT_CONVERSION = YES;
				CLANG_WARN_OBJC_ROOT_CLASS = YES_ERROR;
				CLANG_WARN_UNREACHABLE_CODE = YES;
				CLANG_WARN__DUPLICATE_METHOD_MATCH = YES;
				"CODE_SIGN_IDENTITY[sdk=iphoneos*]" = "iPhone Developer";
				COPY_PHASE_STRIP = NO;
				DEBUG_INFORMATION_FORMAT = "dwarf-with-dsym";
				ENABLE_STRICT_OBJC_MSGSEND = YES;
				GCC_C_LANGUAGE_STANDARD = gnu99;
				GCC_DYNAMIC_NO_PIC = NO;
				GCC_NO_COMMON_BLOCKS = YES;
				GCC_OPTIMIZATION_LEVEL = 0;
				GCC_PREPROCESSOR_DEFINITIONS = (
					"DEBUG=1",
					"$(inherited)",
				);
				GCC_SYMBOLS_PRIVATE_EXTERN = NO;
				GCC_WARN_64_TO_32_BIT_CONVERSION = YES;
				GCC_WARN_ABOUT_RETURN_TYPE = YES_ERROR;
				GCC_WARN_UNDECLARED_SELECTOR = YES;
				GCC_WARN_UNINITIALIZED_AUTOS = YES_AGGRESSIVE;
				GCC_WARN_UNUSED_FUNCTION = YES;
				GCC_WARN_UNUSED_VARIABLE = YES;
				IPHONEOS_DEPLOYMENT_TARGET = 8.4;
				MTL_ENABLE_DEBUG_INFO = YES;
				ONLY_ACTIVE_ARCH = YES;
				SDKROOT = iphoneos;
				TARGETED_DEVICE_FAMILY = "1,2";
			};
			name = Debug;
		};
		1986FD051B96E97C00F14181 /* Release */ = {
			isa = XCBuildConfiguration;
			buildSettings = {
				ALWAYS_SEARCH_USER_PATHS = NO;
				CLANG_CXX_LANGUAGE_STANDARD = "gnu++0x";
				CLANG_CXX_LIBRARY = "libc++";
				CLANG_ENABLE_MODULES = YES;
				CLANG_ENABLE_OBJC_ARC = YES;
				CLANG_WARN_BOOL_CONVERSION = YES;
				CLANG_WARN_CONSTANT_CONVERSION = YES;
				CLANG_WARN_DIRECT_OBJC_ISA_USAGE = YES_ERROR;
				CLANG_WARN_EMPTY_BODY = YES;
				CLANG_WARN_ENUM_CONVERSION = YES;
				CLANG_WARN_INT_CONVERSION = YES;
				CLANG_WARN_OBJC_ROOT_CLASS = YES_ERROR;
				CLANG_WARN_UNREACHABLE_CODE = YES;
				CLANG_WARN__DUPLICATE_METHOD_MATCH = YES;
				"CODE_SIGN_IDENTITY[sdk=iphoneos*]" = "iPhone Developer";
				COPY_PHASE_STRIP = NO;
				DEBUG_INFORMATION_FORMAT = "dwarf-with-dsym";
				ENABLE_NS_ASSERTIONS = NO;
				ENABLE_STRICT_OBJC_MSGSEND = YES;
				GCC_C_LANGUAGE_STANDARD = gnu99;
				GCC_NO_COMMON_BLOCKS = YES;
				GCC_WARN_64_TO_32_BIT_CONVERSION = YES;
				GCC_WARN_ABOUT_RETURN_TYPE = YES_ERROR;
				GCC_WARN_UNDECLARED_SELECTOR = YES;
				GCC_WARN_UNINITIALIZED_AUTOS = YES_AGGRESSIVE;
				GCC_WARN_UNUSED_FUNCTION = YES;
				GCC_WARN_UNUSED_VARIABLE = YES;
				IPHONEOS_DEPLOYMENT_TARGET = 8.4;
				MTL_ENABLE_DEBUG_INFO = NO;
				SDKROOT = iphoneos;
				TARGETED_DEVICE_FAMILY = "1,2";
				VALIDATE_PRODUCT = YES;
			};
			name = Release;
		};
		1986FD071B96E97C00F14181 /* Debug */ = {
			isa = XCBuildConfiguration;
			buildSettings = {
				ASSETCATALOG_COMPILER_APPICON_NAME = AppIcon;
				INFOPLIST_FILE = LGDelayedTaskManagerDemo/Info.plist;
				LD_RUNPATH_SEARCH_PATHS = "$(inherited) @executable_path/Frameworks";
				PRODUCT_NAME = "$(TARGET_NAME)";
			};
			name = Debug;
		};
		1986FD081B96E97C00F14181 /* Release */ = {
			isa = XCBuildConfiguration;
			buildSettings = {
				ASSETCATALOG_COMPILER_APPICON_NAME = AppIcon;
				INFOPLIST_FILE = LGDelayedTaskManagerDemo/Info.plist;
				LD_RUNPATH_SEARCH_PATHS = "$(inherited) @executable_path/Frameworks";
				PRODUCT_NAME = "$(TARGET_NAME)";
			};
			name = Release;
		};
		1986FD0A1B96E97C00F14181 /* Debug */ = {
			isa = XCBuildConfiguration;
			buildSettings = {
				BUNDLE_LOADER = "$(TEST_HOST)";
				FRAMEWORK_SEARCH_PATHS = (
					"$(SDKROOT)/Developer/Library/Frameworks",
					"$(inherited)",
				);
				GCC_PREPROCESSOR_DEFINITIONS = (
					"DEBUG=1",
					"$(inherited)",
				);
				INFOPLIST_FILE = LGDelayedTaskManagerDemoTests/Info.plist;
				LD_RUNPATH_SEARCH_PATHS = "$(inherited) @executable_path/Frameworks @loader_path/Frameworks";
				PRODUCT_NAME = "$(TARGET_NAME)";
				TEST_HOST = "$(BUILT_PRODUCTS_DIR)/LGDelayedTaskManagerDemo.app/LGDelayedTaskManagerDemo";
			};
			name = Debug;
		};
		1986FD0B1B96E97C00F14181 /* Release */ = {
			isa = XCBuildConfiguration;
			buildSettings = {
				BUNDLE_LOADER = "$(TEST_HOST)";
				FRAMEWORK_SEARCH_PATHS = (
					"$(SDKROOT)/Developer/Library/Frameworks",
					"$(inherited)",
				);
				INFOPLIST_FILE = LGDelayedTaskManagerDemoTests/Info.plist;
				LD_RUNPATH_SEARCH_PATHS = "$(inherited) @executable_path/Frameworks @loader_path/Frameworks";
				PRODUCT_NAME = "$(TARGET_NAME)";
				TEST_HOST = "$(BUILT_PRODUCTS_DIR)/LGDelayedTaskManagerDemo.app/LGDelayedTaskManagerDemo";
			};
			name = Release;
		};
/* End XCBuildConfiguration section */

/* Begin XCConfigurationList section */
		1986FCDE1B96E97C00F14181 /* Build configuration list for PBXProject "LGDelayedTaskManagerDemo" */ = {
			isa = XCConfigurationList;
			buildConfigurations = (
				1986FD041B96E97C00F14181 /* Debug */,
				1986FD051B96E97C00F14181 /* Release */,
			);
			defaultConfigurationIsVisible = 0;
			defaultConfigurationName = Release;
		};
		1986FD061B96E97C00F14181 /* Build configuration list for PBXNativeTarget "LGDelayedTaskManagerDemo" */ = {
			isa = XCConfigurationList;
			buildConfigurations = (
				1986FD071B96E97C00F14181 /* Debug */,
				1986FD081B96E97C00F14181 /* Release */,
			);
			defaultConfigurationIsVisible = 0;
			defaultConfigurationName = Release;
		};
		1986FD091B96E97C00F14181 /* Build configuration list for PBXNativeTarget "LGDelayedTaskManagerDemoTests" */ = {
			isa = XCConfigurationList;
			buildConfigurations = (
				1986FD0A1B96E97C00F14181 /* Debug */,
				1986FD0B1B96E97C00F14181 /* Release */,
			);
			defaultConfigurationIsVisible = 0;
			defaultConfigurationName = Release;
		};
/* End XCConfigurationList section */
	};
	rootObject = 1986FCDB1B96E97C00F14181 /* Project object */;
}
